
Microsoft Visual Studio Solution File, Format Version 12.00
# Visual Studio 15
VisualStudioVersion = 15.0.26430.6
MinimumVisualStudioVersion = 10.0.40219.1
Project("{FAE04EC0-301F-11D3-BF4B-00C04F79EFBC}") = "AddPathExe", "AddPathExe.csproj", "{FC2AE0FF-2F9B-4411-A3B6-23BDF78909C0}"
EndProject
Project("{FAE04EC0-301F-11D3-BF4B-00C04F79EFBC}") = "AddPathTest", "AddPathTest\AddPathTest.csproj", "{98275B90-DC55-4B3B-9E09-76E3937AAE2D}"
EndProject
Global
	GlobalSection(SolutionConfigurationPlatforms) = preSolution
		Debug|Any CPU = Debug|Any CPU
		Release|Any CPU = Release|Any CPU
	EndGlobalSection
	GlobalSection(ProjectConfigurationPlatforms) = postSolution
		{FC2AE0FF-2F9B-4411-A3B6-23BDF78909C0}.Debug|Any CPU.ActiveCfg = Debug|Any CPU
		{FC2AE0FF-2F9B-4411-A3B6-23BDF78909C0}.Debug|Any CPU.Build.0 = Debug|Any CPU
		{FC2AE0FF-2F9B-4411-A3B6-23BDF78909C0}.Release|Any CPU.ActiveCfg = Release|Any CPU
		{FC2AE0FF-2F9B-4411-A3B6-23BDF78909C0}.Release|Any CPU.Build.0 = Release|Any CPU
		{98275B90-DC55-4B3B-9E09-76E3937AAE2D}.Debug|Any CPU.ActiveCfg = Debug|Any CPU
		{98275B90-DC55-4B3B-9E09-76E3937AAE2D}.Debug|Any CPU.Build.0 = Debug|Any CPU
		{98275B90-DC55-4B3B-9E09-76E3937AAE2D}.Release|Any CPU.ActiveCfg = Release|Any CPU
		{98275B90-DC55-4B3B-9E09-76E3937AAE2D}.Release|Any CPU.Build.0 = Release|Any CPU
	EndGlobalSection
	GlobalSection(SolutionProperties) = preSolution
		HideSolutionNode = FALSE
	EndGlobalSection
EndGlobal
